
Microsoft Visual Studio Solution File, Format Version 12.00
# Visual Studio Version 17
VisualStudioVersion = 17.4.33205.214
MinimumVisualStudioVersion = 10.0.40219.1
Project("{FAE04EC0-301F-11D3-BF4B-00C04F79EFBC}") = "Multicinex", "Multicinex\Multicinex.csproj", "{22772884-04CC-41ED-81DD-3426E5725FA8}"
EndProject
Global
	GlobalSection(SolutionConfigurationPlatforms) = preSolution
		Debug|Any CPU = Debug|Any CPU
		Release|Any CPU = Release|Any CPU
	EndGlobalSection
	GlobalSection(ProjectConfigurationPlatforms) = postSolution
		{22772884-04CC-41ED-81DD-3426E5725FA8}.Debug|Any CPU.ActiveCfg = Debug|Any CPU
		{22772884-04CC-41ED-81DD-3426E5725FA8}.Debug|Any CPU.Build.0 = Debug|Any CPU
		{22772884-04CC-41ED-81DD-3426E5725FA8}.Release|Any CPU.ActiveCfg = Release|Any CPU
		{22772884-04CC-41ED-81DD-3426E5725FA8}.Release|Any CPU.Build.0 = Release|Any CPU
	EndGlobalSection
	GlobalSection(SolutionProperties) = preSolution
		HideSolutionNode = FALSE
	EndGlobalSection
	GlobalSection(ExtensibilityGlobals) = postSolution
		SolutionGuid = {1C485A9C-54AE-4822-A6C9-FD0C41F6723D}
	EndGlobalSection
EndGlobal
